Microsoft Visual Studio Solution File, Format Version 10.00
# Visual C++ Express 2008
Project("{8BC9CEB8-8B4A-11D0-8D11-00A0C91BC942}") = "gm0", "lib\gm0.vcproj", "{BE100C74-5A7A-467E-BCF3-896C9B6BF1A3}"
EndProject
Project("{8BC9CEB8-8B4A-11D0-8D11-00A0C91BC942}") = "consoleexample", "consoleexample\consoleexample.vcproj", "{DFE296F0-4257-4B63-9A48-C8C5D027BC55}"
EndProject
Global
	GlobalSection(SolutionConfigurationPlatforms) = preSolution
		Debug|Win32 = Debug|Win32
		Release MinDependency|Win32 = Release MinDependency|Win32
		Release MinSize|Win32 = Release MinSize|Win32
		Release|Win32 = Release|Win32
		Unicode Debug|Win32 = Unicode Debug|Win32
		Unicode Release MinDependency|Win32 = Unicode Release MinDependency|Win32
		Unicode Release MinSize|Win32 = Unicode Release MinSize|Win32
	EndGlobalSection
	GlobalSection(ProjectConfigurationPlatforms) = postSolution
		{BE100C74-5A7A-467E-BCF3-896C9B6BF1A3}.Debug|Win32.ActiveCfg = Debug|Win32
		{BE100C74-5A7A-467E-BCF3-896C9B6BF1A3}.Debug|Win32.Build.0 = Debug|Win32
		{BE100C74-5A7A-467E-BCF3-896C9B6BF1A3}.Release MinDependency|Win32.ActiveCfg = Release|Win32
		{BE100C74-5A7A-467E-BCF3-896C9B6BF1A3}.Release MinDependency|Win32.Build.0 = Release|Win32
		{BE100C74-5A7A-467E-BCF3-896C9B6BF1A3}.Release MinSize|Win32.ActiveCfg = Release|Win32
		{BE100C74-5A7A-467E-BCF3-896C9B6BF1A3}.Release MinSize|Win32.Build.0 = Release|Win32
		{BE100C74-5A7A-467E-BCF3-896C9B6BF1A3}.Release|Win32.ActiveCfg = Release|Win32
		{BE100C74-5A7A-467E-BCF3-896C9B6BF1A3}.Release|Win32.Build.0 = Release|Win32
		{BE100C74-5A7A-467E-BCF3-896C9B6BF1A3}.Unicode Debug|Win32.ActiveCfg = Debug|Win32
		{BE100C74-5A7A-467E-BCF3-896C9B6BF1A3}.Unicode Debug|Win32.Build.0 = Debug|Win32
		{BE100C74-5A7A-467E-BCF3-896C9B6BF1A3}.Unicode Release MinDependency|Win32.ActiveCfg = Release|Win32
		{BE100C74-5A7A-467E-BCF3-896C9B6BF1A3}.Unicode Release MinDependency|Win32.Build.0 = Release|Win32
		{BE100C74-5A7A-467E-BCF3-896C9B6BF1A3}.Unicode Release MinSize|Win32.ActiveCfg = Release|Win32
		{BE100C74-5A7A-467E-BCF3-896C9B6BF1A3}.Unicode Release MinSize|Win32.Build.0 = Release|Win32
		{DFE296F0-4257-4B63-9A48-C8C5D027BC55}.Debug|Win32.ActiveCfg = Debug|Win32
		{DFE296F0-4257-4B63-9A48-C8C5D027BC55}.Debug|Win32.Build.0 = Debug|Win32
		{DFE296F0-4257-4B63-9A48-C8C5D027BC55}.Release MinDependency|Win32.ActiveCfg = Release|Win32
		{DFE296F0-4257-4B63-9A48-C8C5D027BC55}.Release MinDependency|Win32.Build.0 = Release|Win32
		{DFE296F0-4257-4B63-9A48-C8C5D027BC55}.Release MinSize|Win32.ActiveCfg = Release|Win32
		{DFE296F0-4257-4B63-9A48-C8C5D027BC55}.Release MinSize|Win32.Build.0 = Release|Win32
		{DFE296F0-4257-4B63-9A48-C8C5D027BC55}.Release|Win32.ActiveCfg = Release|Win32
		{DFE296F0-4257-4B63-9A48-C8C5D027BC55}.Release|Win32.Build.0 = Release|Win32
		{DFE296F0-4257-4B63-9A48-C8C5D027BC55}.Unicode Debug|Win32.ActiveCfg = Debug|Win32
		{DFE296F0-4257-4B63-9A48-C8C5D027BC55}.Unicode Debug|Win32.Build.0 = Debug|Win32
		{DFE296F0-4257-4B63-9A48-C8C5D027BC55}.Unicode Release MinDependency|Win32.ActiveCfg = Release|Win32
		{DFE296F0-4257-4B63-9A48-C8C5D027BC55}.Unicode Release MinDependency|Win32.Build.0 = Release|Win32
		{DFE296F0-4257-4B63-9A48-C8C5D027BC55}.Unicode Release MinSize|Win32.ActiveCfg = Release|Win32
		{DFE296F0-4257-4B63-9A48-C8C5D027BC55}.Unicode Release MinSize|Win32.Build.0 = Release|Win32
	EndGlobalSection
	GlobalSection(SolutionProperties) = preSolution
		HideSolutionNode = FALSE
	EndGlobalSection
EndGlobal
