Microsoft Visual Studio Solution File, Format Version 12.00
# Visual Studio Version 16
VisualStudioVersion = 16.0.30621.155
MinimumVisualStudioVersion = 10.0.40219.1
Project("{FAE04EC0-301F-11D3-BF4B-00C04F79EFBC}") = "gm0-sharp", "gm0-sharp\gm0-sharp\gm0-sharp.csproj", "{FA1B381A-FB73-4CBF-B103-F9C1B037EDBA}"
	ProjectSection(ProjectDependencies) = postProject
		{BE100C74-5A7A-467E-BCF3-896C9B6BF1A3} = {BE100C74-5A7A-467E-BCF3-896C9B6BF1A3}
	EndProjectSection
EndProject
Project("{FAE04EC0-301F-11D3-BF4B-00C04F79EFBC}") = "gm0_sharp_console_test", "gm0-sharp\gm0_sharp_console_test\gm0_sharp_console_test.csproj", "{7CE12BC6-7F1C-483C-A6C9-6B67F4374E34}"
	ProjectSection(ProjectDependencies) = postProject
		{FA1B381A-FB73-4CBF-B103-F9C1B037EDBA} = {FA1B381A-FB73-4CBF-B103-F9C1B037EDBA}
	EndProjectSection
EndProject
Project("{8BC9CEB8-8B4A-11D0-8D11-00A0C91BC942}") = "gm0", "lib\gm0.vcxproj", "{BE100C74-5A7A-467E-BCF3-896C9B6BF1A3}"
EndProject
Project("{8BC9CEB8-8B4A-11D0-8D11-00A0C91BC942}") = "consoleexample", "consoleexample\consoleexample.vcxproj", "{DFE296F0-4257-4B63-9A48-C8C5D027BC55}"
	ProjectSection(ProjectDependencies) = postProject
		{BE100C74-5A7A-467E-BCF3-896C9B6BF1A3} = {BE100C74-5A7A-467E-BCF3-896C9B6BF1A3}
	EndProjectSection
EndProject
Global
	GlobalSection(SolutionConfigurationPlatforms) = preSolution
		Debug|x64 = Debug|x64
		Debug|x86 = Debug|x86
		Release|x64 = Release|x64
		Release|x86 = Release|x86
	EndGlobalSection
	GlobalSection(ProjectConfigurationPlatforms) = postSolution
		{FA1B381A-FB73-4CBF-B103-F9C1B037EDBA}.Debug|x64.ActiveCfg = Debug|Any CPU
		{FA1B381A-FB73-4CBF-B103-F9C1B037EDBA}.Debug|x64.Build.0 = Debug|Any CPU
		{FA1B381A-FB73-4CBF-B103-F9C1B037EDBA}.Debug|x86.ActiveCfg = Debug|Any CPU
		{FA1B381A-FB73-4CBF-B103-F9C1B037EDBA}.Debug|x86.Build.0 = Debug|Any CPU
		{FA1B381A-FB73-4CBF-B103-F9C1B037EDBA}.Release|x64.ActiveCfg = Release|Any CPU
		{FA1B381A-FB73-4CBF-B103-F9C1B037EDBA}.Release|x64.Build.0 = Release|Any CPU
		{FA1B381A-FB73-4CBF-B103-F9C1B037EDBA}.Release|x86.ActiveCfg = Release|Any CPU
		{FA1B381A-FB73-4CBF-B103-F9C1B037EDBA}.Release|x86.Build.0 = Release|Any CPU
		{7CE12BC6-7F1C-483C-A6C9-6B67F4374E34}.Debug|x64.ActiveCfg = Debug|Any CPU
		{7CE12BC6-7F1C-483C-A6C9-6B67F4374E34}.Debug|x64.Build.0 = Debug|Any CPU
		{7CE12BC6-7F1C-483C-A6C9-6B67F4374E34}.Debug|x86.ActiveCfg = Debug|Any CPU
		{7CE12BC6-7F1C-483C-A6C9-6B67F4374E34}.Debug|x86.Build.0 = Debug|Any CPU
		{7CE12BC6-7F1C-483C-A6C9-6B67F4374E34}.Release|x64.ActiveCfg = Release|Any CPU
		{7CE12BC6-7F1C-483C-A6C9-6B67F4374E34}.Release|x64.Build.0 = Release|Any CPU
		{7CE12BC6-7F1C-483C-A6C9-6B67F4374E34}.Release|x86.ActiveCfg = Release|Any CPU
		{7CE12BC6-7F1C-483C-A6C9-6B67F4374E34}.Release|x86.Build.0 = Release|Any CPU
		{BE100C74-5A7A-467E-BCF3-896C9B6BF1A3}.Debug|x64.ActiveCfg = Debug|x64
		{BE100C74-5A7A-467E-BCF3-896C9B6BF1A3}.Debug|x64.Build.0 = Debug|x64
		{BE100C74-5A7A-467E-BCF3-896C9B6BF1A3}.Debug|x86.ActiveCfg = Debug|Win32
		{BE100C74-5A7A-467E-BCF3-896C9B6BF1A3}.Debug|x86.Build.0 = Debug|Win32
		{BE100C74-5A7A-467E-BCF3-896C9B6BF1A3}.Release|x64.ActiveCfg = Release|x64
		{BE100C74-5A7A-467E-BCF3-896C9B6BF1A3}.Release|x64.Build.0 = Release|x64
		{BE100C74-5A7A-467E-BCF3-896C9B6BF1A3}.Release|x86.ActiveCfg = Release|Win32
		{BE100C74-5A7A-467E-BCF3-896C9B6BF1A3}.Release|x86.Build.0 = Release|Win32
		{DFE296F0-4257-4B63-9A48-C8C5D027BC55}.Debug|x64.ActiveCfg = Debug|x64
		{DFE296F0-4257-4B63-9A48-C8C5D027BC55}.Debug|x64.Build.0 = Debug|x64
		{DFE296F0-4257-4B63-9A48-C8C5D027BC55}.Debug|x86.ActiveCfg = Debug|Win32
		{DFE296F0-4257-4B63-9A48-C8C5D027BC55}.Debug|x86.Build.0 = Debug|Win32
		{DFE296F0-4257-4B63-9A48-C8C5D027BC55}.Release|x64.ActiveCfg = Release|x64
		{DFE296F0-4257-4B63-9A48-C8C5D027BC55}.Release|x64.Build.0 = Release|x64
		{DFE296F0-4257-4B63-9A48-C8C5D027BC55}.Release|x86.ActiveCfg = Release|Win32
		{DFE296F0-4257-4B63-9A48-C8C5D027BC55}.Release|x86.Build.0 = Release|Win32
	EndGlobalSection
	GlobalSection(SolutionProperties) = preSolution
		HideSolutionNode = FALSE
	EndGlobalSection
	GlobalSection(ExtensibilityGlobals) = postSolution
		SolutionGuid = {614AAF93-34A0-49CB-856F-7F2364C473A4}
	EndGlobalSection
EndGlobal
