Microsoft Visual Studio Solution File, Format Version 8.00
Project("{8BC9CEB8-8B4A-11D0-8D11-00A0C91BC942}") = "consoleexample", "consoleexample\consoleexample.vcproj", "{0091C27A-7C39-4BE0-AAAB-89F756BF44D1}"
	ProjectSection(ProjectDependencies) = postProject
		{BE100C74-5A7A-467E-BCF3-896C9B6BF1A3} = {BE100C74-5A7A-467E-BCF3-896C9B6BF1A3}
	EndProjectSection
EndProject
Project("{8BC9CEB8-8B4A-11D0-8D11-00A0C91BC942}") = "gm0", "lib\gm0.vcproj", "{BE100C74-5A7A-467E-BCF3-896C9B6BF1A3}"
	ProjectSection(ProjectDependencies) = postProject
	EndProjectSection
EndProject
Global
	GlobalSection(SolutionConfiguration) = preSolution
		Debug = Debug
		Release = Release
		Release MinDependency = Release MinDependency
		Release MinSize = Release MinSize
		Unicode Debug = Unicode Debug
		Unicode Release MinDependency = Unicode Release MinDependency
		Unicode Release MinSize = Unicode Release MinSize
	EndGlobalSection
	GlobalSection(ProjectConfiguration) = postSolution
		{0091C27A-7C39-4BE0-AAAB-89F756BF44D1}.Debug.ActiveCfg = Debug|Win32
		{0091C27A-7C39-4BE0-AAAB-89F756BF44D1}.Debug.Build.0 = Debug|Win32
		{0091C27A-7C39-4BE0-AAAB-89F756BF44D1}.Release.ActiveCfg = Release|Win32
		{0091C27A-7C39-4BE0-AAAB-89F756BF44D1}.Release.Build.0 = Release|Win32
		{0091C27A-7C39-4BE0-AAAB-89F756BF44D1}.Release MinDependency.ActiveCfg = Release|Win32
		{0091C27A-7C39-4BE0-AAAB-89F756BF44D1}.Release MinDependency.Build.0 = Release|Win32
		{0091C27A-7C39-4BE0-AAAB-89F756BF44D1}.Release MinSize.ActiveCfg = Release|Win32
		{0091C27A-7C39-4BE0-AAAB-89F756BF44D1}.Release MinSize.Build.0 = Release|Win32
		{0091C27A-7C39-4BE0-AAAB-89F756BF44D1}.Unicode Debug.ActiveCfg = Debug|Win32
		{0091C27A-7C39-4BE0-AAAB-89F756BF44D1}.Unicode Debug.Build.0 = Debug|Win32
		{0091C27A-7C39-4BE0-AAAB-89F756BF44D1}.Unicode Release MinDependency.ActiveCfg = Release|Win32
		{0091C27A-7C39-4BE0-AAAB-89F756BF44D1}.Unicode Release MinDependency.Build.0 = Release|Win32
		{0091C27A-7C39-4BE0-AAAB-89F756BF44D1}.Unicode Release MinSize.ActiveCfg = Release|Win32
		{0091C27A-7C39-4BE0-AAAB-89F756BF44D1}.Unicode Release MinSize.Build.0 = Release|Win32
		{BE100C74-5A7A-467E-BCF3-896C9B6BF1A3}.Debug.ActiveCfg = Debug|Win32
		{BE100C74-5A7A-467E-BCF3-896C9B6BF1A3}.Debug.Build.0 = Debug|Win32
		{BE100C74-5A7A-467E-BCF3-896C9B6BF1A3}.Release.ActiveCfg = Release|Win32
		{BE100C74-5A7A-467E-BCF3-896C9B6BF1A3}.Release.Build.0 = Release|Win32
		{BE100C74-5A7A-467E-BCF3-896C9B6BF1A3}.Release MinDependency.ActiveCfg = Release|Win32
		{BE100C74-5A7A-467E-BCF3-896C9B6BF1A3}.Release MinDependency.Build.0 = Release|Win32
		{BE100C74-5A7A-467E-BCF3-896C9B6BF1A3}.Release MinSize.ActiveCfg = Release|Win32
		{BE100C74-5A7A-467E-BCF3-896C9B6BF1A3}.Release MinSize.Build.0 = Release|Win32
		{BE100C74-5A7A-467E-BCF3-896C9B6BF1A3}.Unicode Debug.ActiveCfg = Debug|Win32
		{BE100C74-5A7A-467E-BCF3-896C9B6BF1A3}.Unicode Debug.Build.0 = Debug|Win32
		{BE100C74-5A7A-467E-BCF3-896C9B6BF1A3}.Unicode Release MinDependency.ActiveCfg = Release|Win32
		{BE100C74-5A7A-467E-BCF3-896C9B6BF1A3}.Unicode Release MinDependency.Build.0 = Release|Win32
		{BE100C74-5A7A-467E-BCF3-896C9B6BF1A3}.Unicode Release MinSize.ActiveCfg = Release|Win32
		{BE100C74-5A7A-467E-BCF3-896C9B6BF1A3}.Unicode Release MinSize.Build.0 = Release|Win32
	EndGlobalSection
	GlobalSection(ExtensibilityGlobals) = postSolution
	EndGlobalSection
	GlobalSection(ExtensibilityAddIns) = postSolution
	EndGlobalSection
EndGlobal
